
Microsoft Visual Studio Solution File, Format Version 12.00
# Visual Studio Version 17
VisualStudioVersion = 17.14.36518.9 d17.14
MinimumVisualStudioVersion = 10.0.40219.1
Project("{FAE04EC0-301F-11D3-BF4B-00C04F79EFBC}") = "StudentCRUD", "StudentCRUD\StudentCRUD.csproj", "{6BC1788B-6B23-427B-B468-56B84F381E89}"
EndProject
Global
	GlobalSection(SolutionConfigurationPlatforms) = preSolution
		Debug|Any CPU = Debug|Any CPU
		Release|Any CPU = Release|Any CPU
	EndGlobalSection
	GlobalSection(ProjectConfigurationPlatforms) = postSolution
		{6BC1788B-6B23-427B-B468-56B84F381E89}.Debug|Any CPU.ActiveCfg = Debug|Any CPU
		{6BC1788B-6B23-427B-B468-56B84F381E89}.Debug|Any CPU.Build.0 = Debug|Any CPU
		{6BC1788B-6B23-427B-B468-56B84F381E89}.Release|Any CPU.ActiveCfg = Release|Any CPU
		{6BC1788B-6B23-427B-B468-56B84F381E89}.Release|Any CPU.Build.0 = Release|Any CPU
	EndGlobalSection
	GlobalSection(SolutionProperties) = preSolution
		HideSolutionNode = FALSE
	EndGlobalSection
	GlobalSection(ExtensibilityGlobals) = postSolution
		SolutionGuid = {D9942989-1231-40ED-85D5-CCF7554641ED}
	EndGlobalSection
EndGlobal
